
Microsoft Visual Studio Solution File, Format Version 12.00
# Visual Studio 2012
Project("{FAE04EC0-301F-11D3-BF4B-00C04F79EFBC}") = "ConsoleApplication1", "ConsoleApplication1\ConsoleApplication1.csproj", "{F8107EB7-9672-4F9E-AD8C-EB43EA79BDA3}"
EndProject
Project("{FAE04EC0-301F-11D3-BF4B-00C04F79EFBC}") = "ConsoleApplication2", "ConsoleApplication2\ConsoleApplication2.csproj", "{514126DC-42CA-41EF-B59F-8805EE134712}"
EndProject
Global
	GlobalSection(SolutionConfigurationPlatforms) = preSolution
		Debug|Any CPU = Debug|Any CPU
		Release|Any CPU = Release|Any CPU
	EndGlobalSection
	GlobalSection(ProjectConfigurationPlatforms) = postSolution
		{F8107EB7-9672-4F9E-AD8C-EB43EA79BDA3}.Debug|Any CPU.ActiveCfg = Debug|Any CPU
		{F8107EB7-9672-4F9E-AD8C-EB43EA79BDA3}.Debug|Any CPU.Build.0 = Debug|Any CPU
		{F8107EB7-9672-4F9E-AD8C-EB43EA79BDA3}.Release|Any CPU.ActiveCfg = Release|Any CPU
		{F8107EB7-9672-4F9E-AD8C-EB43EA79BDA3}.Release|Any CPU.Build.0 = Release|Any CPU
		{514126DC-42CA-41EF-B59F-8805EE134712}.Debug|Any CPU.ActiveCfg = Debug|Any CPU
		{514126DC-42CA-41EF-B59F-8805EE134712}.Debug|Any CPU.Build.0 = Debug|Any CPU
		{514126DC-42CA-41EF-B59F-8805EE134712}.Release|Any CPU.ActiveCfg = Release|Any CPU
		{514126DC-42CA-41EF-B59F-8805EE134712}.Release|Any CPU.Build.0 = Release|Any CPU
	EndGlobalSection
	GlobalSection(SolutionProperties) = preSolution
		HideSolutionNode = FALSE
	EndGlobalSection
EndGlobal
