
Microsoft Visual Studio Solution File, Format Version 12.00
# Visual Studio 2012
Project("{FAE04EC0-301F-11D3-BF4B-00C04F79EFBC}") = "Registry_WinKey_Disable", "Registry_WinKey_Disable\Registry_WinKey_Disable.csproj", "{B52BBE91-0944-4117-8342-5C89BDA5849D}"
EndProject
Global
	GlobalSection(SolutionConfigurationPlatforms) = preSolution
		Debug|Any CPU = Debug|Any CPU
		Release|Any CPU = Release|Any CPU
	EndGlobalSection
	GlobalSection(ProjectConfigurationPlatforms) = postSolution
		{B52BBE91-0944-4117-8342-5C89BDA5849D}.Debug|Any CPU.ActiveCfg = Debug|Any CPU
		{B52BBE91-0944-4117-8342-5C89BDA5849D}.Debug|Any CPU.Build.0 = Debug|Any CPU
		{B52BBE91-0944-4117-8342-5C89BDA5849D}.Release|Any CPU.ActiveCfg = Release|Any CPU
		{B52BBE91-0944-4117-8342-5C89BDA5849D}.Release|Any CPU.Build.0 = Release|Any CPU
	EndGlobalSection
	GlobalSection(SolutionProperties) = preSolution
		HideSolutionNode = FALSE
	EndGlobalSection
EndGlobal
